// !$*UTF8*$!
{
	archiveVersion = 1;
	classes = {
	};
	objectVersion = 46;
	objects = {

/* Begin PBXBuildFile section */
		18241AA71F428C4F0003C6CB /* Statement.swift in Sources */ = {isa = PBXBuildFile; fileRef = 18241AA61F428C4F0003C6CB /* Statement.swift */; };
		18241AA91F428E6C0003C6CB /* Value.swift in Sources */ = {isa = PBXBuildFile; fileRef = 18241AA81F428E6C0003C6CB /* Value.swift */; };
		183D12651F41A4BE001BDC5F /* AppDelegate.swift in Sources */ = {isa = PBXBuildFile; fileRef = 183D12641F41A4BE001BDC5F /* AppDelegate.swift */; };
		183D12671F41A4BE001BDC5F /* ViewController.swift in Sources */ = {isa = PBXBuildFile; fileRef = 183D12661F41A4BE001BDC5F /* ViewController.swift */; };
		183D126A1F41A4BE001BDC5F /* Main.storyboard in Resources */ = {isa = PBXBuildFile; fileRef = 183D12681F41A4BE001BDC5F /* Main.storyboard */; };
		183D126C1F41A4BE001BDC5F /* Assets.xcassets in Resources */ = {isa = PBXBuildFile; fileRef = 183D126B1F41A4BE001BDC5F /* Assets.xcassets */; };
		183D126F1F41A4BE001BDC5F /* LaunchScreen.storyboard in Resources */ = {isa = PBXBuildFile; fileRef = 183D126D1F41A4BE001BDC5F /* LaunchScreen.storyboard */; };
		183D12811F41A61E001BDC5F /* libsqlite3.tbd in Frameworks */ = {isa = PBXBuildFile; fileRef = 183D12801F41A61E001BDC5F /* libsqlite3.tbd */; };
		183D12831F41A69C001BDC5F /* DBConnection.swift in Sources */ = {isa = PBXBuildFile; fileRef = 183D12821F41A69C001BDC5F /* DBConnection.swift */; };
/* End PBXBuildFile section */

/* Begin PBXFileReference section */
		18241AA61F428C4F0003C6CB /* Statement.swift */ = {isa = PBXFileReference; fileEncoding = 4; lastKnownFileType = sourcecode.swift; path = Statement.swift; sourceTree = "<group>"; };
		18241AA81F428E6C0003C6CB /* Value.swift */ = {isa = PBXFileReference; fileEncoding = 4; lastKnownFileType = sourcecode.swift; path = Value.swift; sourceTree = "<group>"; };
		183D12611F41A4BE001BDC5F /* SQL-database.app */ = {isa = PBXFileReference; explicitFileType = wrapper.application; includeInIndex = 0; path = "SQL-database.app"; sourceTree = BUILT_PRODUCTS_DIR; };
		183D12641F41A4BE001BDC5F /* AppDelegate.swift */ = {isa = PBXFileReference; lastKnownFileType = sourcecode.swift; path = AppDelegate.swift; sourceTree = "<group>"; };
		183D12661F41A4BE001BDC5F /* ViewController.swift */ = {isa = PBXFileReference; lastKnownFileType = sourcecode.swift; path = ViewController.swift; sourceTree = "<group>"; };
		183D12691F41A4BE001BDC5F /* Base */ = {isa = PBXFileReference; lastKnownFileType = file.storyboard; name = Base; path = Base.lproj/Main.storyboard; sourceTree = "<group>"; };
		183D126B1F41A4BE001BDC5F /* Assets.xcassets */ = {isa = PBXFileReference; lastKnownFileType = folder.assetcatalog; path = Assets.xcassets; sourceTree = "<group>"; };
		183D126E1F41A4BE001BDC5F /* Base */ = {isa = PBXFileReference; lastKnownFileType = file.storyboard; name = Base; path = Base.lproj/LaunchScreen.storyboard; sourceTree = "<group>"; };
		183D12701F41A4BE001BDC5F /* Info.plist */ = {isa = PBXFileReference; lastKnownFileType = text.plist.xml; path = Info.plist; sourceTree = "<group>"; };
		183D127C1F41A5FA001BDC5F /* SQL_database_Bridging.h */ = {isa = PBXFileReference; lastKnownFileType = sourcecode.c.h; path = SQL_database_Bridging.h; sourceTree = "<group>"; };
		183D127E1F41A60E001BDC5F /* libsqlite3.0.tbd */ = {isa = PBXFileReference; lastKnownFileType = "sourcecode.text-based-dylib-definition"; name = libsqlite3.0.tbd; path = usr/lib/libsqlite3.0.tbd; sourceTree = SDKROOT; };
		183D12801F41A61E001BDC5F /* libsqlite3.tbd */ = {isa = PBXFileReference; lastKnownFileType = "sourcecode.text-based-dylib-definition"; name = libsqlite3.tbd; path = usr/lib/libsqlite3.tbd; sourceTree = SDKROOT; };
		183D12821F41A69C001BDC5F /* DBConnection.swift */ = {isa = PBXFileReference; fileEncoding = 4; lastKnownFileType = sourcecode.swift; path = DBConnection.swift; sourceTree = "<group>"; };
/* End PBXFileReference section */

/* Begin PBXFrameworksBuildPhase section */
		183D125E1F41A4BE001BDC5F /* Frameworks */ = {
			isa = PBXFrameworksBuildPhase;
			buildActionMask = 2147483647;
			files = (
				183D12811F41A61E001BDC5F /* libsqlite3.tbd in Frameworks */,
			);
			runOnlyForDeploymentPostprocessing = 0;
		};
/* End PBXFrameworksBuildPhase section */

/* Begin PBXGroup section */
		183D12581F41A4BE001BDC5F = {
			isa = PBXGroup;
			children = (
				183D12631F41A4BE001BDC5F /* SQL-database */,
				183D12621F41A4BE001BDC5F /* Products */,
				183D127D1F41A60D001BDC5F /* Frameworks */,
			);
			sourceTree = "<group>";
		};
		183D12621F41A4BE001BDC5F /* Products */ = {
			isa = PBXGroup;
			children = (
				183D12611F41A4BE001BDC5F /* SQL-database.app */,
			);
			name = Products;
			sourceTree = "<group>";
		};
		183D12631F41A4BE001BDC5F /* SQL-database */ = {
			isa = PBXGroup;
			children = (
				183D12761F41A57E001BDC5F /* Framework */,
				183D12641F41A4BE001BDC5F /* AppDelegate.swift */,
				183D12661F41A4BE001BDC5F /* ViewController.swift */,
				183D12681F41A4BE001BDC5F /* Main.storyboard */,
				183D126B1F41A4BE001BDC5F /* Assets.xcassets */,
				183D126D1F41A4BE001BDC5F /* LaunchScreen.storyboard */,
				183D12701F41A4BE001BDC5F /* Info.plist */,
			);
			path = "SQL-database";
			sourceTree = "<group>";
		};
		183D12761F41A57E001BDC5F /* Framework */ = {
			isa = PBXGroup;
			children = (
				183D12771F41A57E001BDC5F /* Config */,
				183D12781F41A57E001BDC5F /* Core */,
				183D12791F41A57E001BDC5F /* Utils */,
			);
			path = Framework;
			sourceTree = "<group>";
		};
		183D12771F41A57E001BDC5F /* Config */ = {
			isa = PBXGroup;
			children = (
				183D127C1F41A5FA001BDC5F /* SQL_database_Bridging.h */,
			);
			path = Config;
			sourceTree = "<group>";
		};
		183D12781F41A57E001BDC5F /* Core */ = {
			isa = PBXGroup;
			children = (
				183D12821F41A69C001BDC5F /* DBConnection.swift */,
				18241AA81F428E6C0003C6CB /* Value.swift */,
				18241AA61F428C4F0003C6CB /* Statement.swift */,
			);
			path = Core;
			sourceTree = "<group>";
		};
		183D12791F41A57E001BDC5F /* Utils */ = {
			isa = PBXGroup;
			children = (
			);
			path = Utils;
			sourceTree = "<group>";
		};
		183D127D1F41A60D001BDC5F /* Frameworks */ = {
			isa = PBXGroup;
			children = (
				183D12801F41A61E001BDC5F /* libsqlite3.tbd */,
				183D127E1F41A60E001BDC5F /* libsqlite3.0.tbd */,
			);
			name = Frameworks;
			sourceTree = "<group>";
		};
/* End PBXGroup section */

/* Begin PBXNativeTarget section */
		183D12601F41A4BE001BDC5F /* SQL-database */ = {
			isa = PBXNativeTarget;
			buildConfigurationList = 183D12731F41A4BE001BDC5F /* Build configuration list for PBXNativeTarget "SQL-database" */;
			buildPhases = (
				183D125D1F41A4BE001BDC5F /* Sources */,
				183D125E1F41A4BE001BDC5F /* Frameworks */,
				183D125F1F41A4BE001BDC5F /* Resources */,
			);
			buildRules = (
			);
			dependencies = (
			);
			name = "SQL-database";
			productName = "SQL-database";
			productReference = 183D12611F41A4BE001BDC5F /* SQL-database.app */;
			productType = "com.apple.product-type.application";
		};
/* End PBXNativeTarget section */

/* Begin PBXProject section */
		183D12591F41A4BE001BDC5F /* Project object */ = {
			isa = PBXProject;
			attributes = {
				LastSwiftUpdateCheck = 0830;
				LastUpgradeCheck = 0830;
				ORGANIZATIONNAME = apple;
				TargetAttributes = {
					183D12601F41A4BE001BDC5F = {
						CreatedOnToolsVersion = 8.3.1;
						ProvisioningStyle = Automatic;
					};
				};
			};
			buildConfigurationList = 183D125C1F41A4BE001BDC5F /* Build configuration list for PBXProject "SQL-database" */;
			compatibilityVersion = "Xcode 3.2";
			developmentRegion = English;
			hasScannedForEncodings = 0;
			knownRegions = (
				en,
				Base,
			);
			mainGroup = 183D12581F41A4BE001BDC5F;
			productRefGroup = 183D12621F41A4BE001BDC5F /* Products */;
			projectDirPath = "";
			projectRoot = "";
			targets = (
				183D12601F41A4BE001BDC5F /* SQL-database */,
			);
		};
/* End PBXProject section */

/* Begin PBXResourcesBuildPhase section */
		183D125F1F41A4BE001BDC5F /* Resources */ = {
			isa = PBXResourcesBuildPhase;
			buildActionMask = 2147483647;
			files = (
				183D126F1F41A4BE001BDC5F /* LaunchScreen.storyboard in Resources */,
				183D126C1F41A4BE001BDC5F /* Assets.xcassets in Resources */,
				183D126A1F41A4BE001BDC5F /* Main.storyboard in Resources */,
			);
			runOnlyForDeploymentPostprocessing = 0;
		};
/* End PBXResourcesBuildPhase section */

/* Begin PBXSourcesBuildPhase section */
		183D125D1F41A4BE001BDC5F /* Sources */ = {
			isa = PBXSourcesBuildPhase;
			buildActionMask = 2147483647;
			files = (
				183D12831F41A69C001BDC5F /* DBConnection.swift in Sources */,
				183D12671F41A4BE001BDC5F /* ViewController.swift in Sources */,
				18241AA91F428E6C0003C6CB /* Value.swift in Sources */,
				183D12651F41A4BE001BDC5F /* AppDelegate.swift in Sources */,
				18241AA71F428C4F0003C6CB /* Statement.swift in Sources */,
			);
			runOnlyForDeploymentPostprocessing = 0;
		};
/* End PBXSourcesBuildPhase section */

/* Begin PBXVariantGroup section */
		183D12681F41A4BE001BDC5F /* Main.storyboard */ = {
			isa = PBXVariantGroup;
			children = (
				183D12691F41A4BE001BDC5F /* Base */,
			);
			name = Main.storyboard;
			sourceTree = "<group>";
		};
		183D126D1F41A4BE001BDC5F /* LaunchScreen.storyboard */ = {
			isa = PBXVariantGroup;
			children = (
				183D126E1F41A4BE001BDC5F /* Base */,
			);
			name = LaunchScreen.storyboard;
			sourceTree = "<group>";
		};
/* End PBXVariantGroup section */

/* Begin XCBuildConfiguration section */
		183D12711F41A4BE001BDC5F /* Debug */ = {
			isa = XCBuildConfiguration;
			buildSettings = {
				ALWAYS_SEARCH_USER_PATHS = NO;
				CLANG_ANALYZER_NONNULL = YES;
				CLANG_ANALYZER_NUMBER_OBJECT_CONVERSION = YES_AGGRESSIVE;
				CLANG_CXX_LANGUAGE_STANDARD = "gnu++0x";
				CLANG_CXX_LIBRARY = "libc++";
				CLANG_ENABLE_MODULES = YES;
				CLANG_ENABLE_OBJC_ARC = YES;
				CLANG_WARN_BOOL_CONVERSION = YES;
				CLANG_WARN_CONSTANT_CONVERSION = YES;
				CLANG_WARN_DIRECT_OBJC_ISA_USAGE = YES_ERROR;
				CLANG_WARN_DOCUMENTATION_COMMENTS = YES;
				CLANG_WARN_EMPTY_BODY = YES;
				CLANG_WARN_ENUM_CONVERSION = YES;
				CLANG_WARN_INFINITE_RECURSION = YES;
				CLANG_WARN_INT_CONVERSION = YES;
				CLANG_WARN_OBJC_ROOT_CLASS = YES_ERROR;
				CLANG_WARN_SUSPICIOUS_MOVE = YES;
				CLANG_WARN_UNREACHABLE_CODE = YES;
				CLANG_WARN__DUPLICATE_METHOD_MATCH = YES;
				"CODE_SIGN_IDENTITY[sdk=iphoneos*]" = "iPhone Developer";
				COPY_PHASE_STRIP = NO;
				DEBUG_INFORMATION_FORMAT = dwarf;
				ENABLE_STRICT_OBJC_MSGSEND = YES;
				ENABLE_TESTABILITY = YES;
				GCC_C_LANGUAGE_STANDARD = gnu99;
				GCC_DYNAMIC_NO_PIC = NO;
				GCC_NO_COMMON_BLOCKS = YES;
				GCC_OPTIMIZATION_LEVEL = 0;
				GCC_PREPROCESSOR_DEFINITIONS = (
					"DEBUG=1",
					"$(inherited)",
				);
				GCC_WARN_64_TO_32_BIT_CONVERSION = YES;
				GCC_WARN_ABOUT_RETURN_TYPE = YES_ERROR;
				GCC_WARN_UNDECLARED_SELECTOR = YES;
				GCC_WARN_UNINITIALIZED_AUTOS = YES_AGGRESSIVE;
				GCC_WARN_UNUSED_FUNCTION = YES;
				GCC_WARN_UNUSED_VARIABLE = YES;
				IPHONEOS_DEPLOYMENT_TARGET = 10.3;
				MTL_ENABLE_DEBUG_INFO = YES;
				ONLY_ACTIVE_ARCH = YES;
				SDKROOT = iphoneos;
				SWIFT_ACTIVE_COMPILATION_CONDITIONS = DEBUG;
				SWIFT_OPTIMIZATION_LEVEL = "-Onone";
				TARGETED_DEVICE_FAMILY = "1,2";
			};
			name = Debug;
		};
		183D12721F41A4BE001BDC5F /* Release */ = {
			isa = XCBuildConfiguration;
			buildSettings = {
				ALWAYS_SEARCH_USER_PATHS = NO;
				CLANG_ANALYZER_NONNULL = YES;
				CLANG_ANALYZER_NUMBER_OBJECT_CONVERSION = YES_AGGRESSIVE;
				CLANG_CXX_LANGUAGE_STANDARD = "gnu++0x";
				CLANG_CXX_LIBRARY = "libc++";
				CLANG_ENABLE_MODULES = YES;
				CLANG_ENABLE_OBJC_ARC = YES;
				CLANG_WARN_BOOL_CONVERSION = YES;
				CLANG_WARN_CONSTANT_CONVERSION = YES;
				CLANG_WARN_DIRECT_OBJC_ISA_USAGE = YES_ERROR;
				CLANG_WARN_DOCUMENTATION_COMMENTS = YES;
				CLANG_WARN_EMPTY_BODY = YES;
				CLANG_WARN_ENUM_CONVERSION = YES;
				CLANG_WARN_INFINITE_RECURSION = YES;
				CLANG_WARN_INT_CONVERSION = YES;
				CLANG_WARN_OBJC_ROOT_CLASS = YES_ERROR;
				CLANG_WARN_SUSPICIOUS_MOVE = YES;
				CLANG_WARN_UNREACHABLE_CODE = YES;
				CLANG_WARN__DUPLICATE_METHOD_MATCH = YES;
				"CODE_SIGN_IDENTITY[sdk=iphoneos*]" = "iPhone Developer";
				COPY_PHASE_STRIP = NO;
				DEBUG_INFORMATION_FORMAT = "dwarf-with-dsym";
				ENABLE_NS_ASSERTIONS = NO;
				ENABLE_STRICT_OBJC_MSGSEND = YES;
				GCC_C_LANGUAGE_STANDARD = gnu99;
				GCC_NO_COMMON_BLOCKS = YES;
				GCC_WARN_64_TO_32_BIT_CONVERSION = YES;
				GCC_WARN_ABOUT_RETURN_TYPE = YES_ERROR;
				GCC_WARN_UNDECLARED_SELECTOR = YES;
				GCC_WARN_UNINITIALIZED_AUTOS = YES_AGGRESSIVE;
				GCC_WARN_UNUSED_FUNCTION = YES;
				GCC_WARN_UNUSED_VARIABLE = YES;
				IPHONEOS_DEPLOYMENT_TARGET = 10.3;
				MTL_ENABLE_DEBUG_INFO = NO;
				SDKROOT = iphoneos;
				SWIFT_OPTIMIZATION_LEVEL = "-Owholemodule";
				TARGETED_DEVICE_FAMILY = "1,2";
				VALIDATE_PRODUCT = YES;
			};
			name = Release;
		};
		183D12741F41A4BE001BDC5F /* Debug */ = {
			isa = XCBuildConfiguration;
			buildSettings = {
				ASSETCATALOG_COMPILER_APPICON_NAME = AppIcon;
				INFOPLIST_FILE = "SQL-database/Info.plist";
				LD_RUNPATH_SEARCH_PATHS = "$(inherited) @executable_path/Frameworks";
				PRODUCT_BUNDLE_IDENTIFIER = "com.yingtao.SQL-database";
				PRODUCT_NAME = "$(TARGET_NAME)";
				SWIFT_OBJC_BRIDGING_HEADER = "/Users/apple/Desktop/SQL-database/SQL-database/SQL-database/Framework/Config/SQL_database_Bridging.h";
				SWIFT_VERSION = 3.0;
			};
			name = Debug;
		};
		183D12751F41A4BE001BDC5F /* Release */ = {
			isa = XCBuildConfiguration;
			buildSettings = {
				ASSETCATALOG_COMPILER_APPICON_NAME = AppIcon;
				INFOPLIST_FILE = "SQL-database/Info.plist";
				LD_RUNPATH_SEARCH_PATHS = "$(inherited) @executable_path/Frameworks";
				PRODUCT_BUNDLE_IDENTIFIER = "com.yingtao.SQL-database";
				PRODUCT_NAME = "$(TARGET_NAME)";
				SWIFT_OBJC_BRIDGING_HEADER = "/Users/apple/Desktop/SQL-database/SQL-database/SQL-database/Framework/Config/SQL_database_Bridging.h";
				SWIFT_VERSION = 3.0;
			};
			name = Release;
		};
/* End XCBuildConfiguration section */

/* Begin XCConfigurationList section */
		183D125C1F41A4BE001BDC5F /* Build configuration list for PBXProject "SQL-database" */ = {
			isa = XCConfigurationList;
			buildConfigurations = (
				183D12711F41A4BE001BDC5F /* Debug */,
				183D12721F41A4BE001BDC5F /* Release */,
			);
			defaultConfigurationIsVisible = 0;
			defaultConfigurationName = Release;
		};
		183D12731F41A4BE001BDC5F /* Build configuration list for PBXNativeTarget "SQL-database" */ = {
			isa = XCConfigurationList;
			buildConfigurations = (
				183D12741F41A4BE001BDC5F /* Debug */,
				183D12751F41A4BE001BDC5F /* Release */,
			);
			defaultConfigurationIsVisible = 0;
			defaultConfigurationName = Release;
		};
/* End XCConfigurationList section */
	};
	rootObject = 183D12591F41A4BE001BDC5F /* Project object */;
}
